
Microsoft Visual Studio Solution File, Format Version 12.00
# Visual Studio Version 16
VisualStudioVersion = 16.0.31702.278
MinimumVisualStudioVersion = 10.0.40219.1
Project("{FAE04EC0-301F-11D3-BF4B-00C04F79EFBC}") = "BEComentarios", "BEComentarios\BEComentarios.csproj", "{75B9E7C6-3F3D-4536-AD0F-18103D4FDACE}"
EndProject
Global
	GlobalSection(SolutionConfigurationPlatforms) = preSolution
		Debug|Any CPU = Debug|Any CPU
		Release|Any CPU = Release|Any CPU
	EndGlobalSection
	GlobalSection(ProjectConfigurationPlatforms) = postSolution
		{75B9E7C6-3F3D-4536-AD0F-18103D4FDACE}.Debug|Any CPU.ActiveCfg = Debug|Any CPU
		{75B9E7C6-3F3D-4536-AD0F-18103D4FDACE}.Debug|Any CPU.Build.0 = Debug|Any CPU
		{75B9E7C6-3F3D-4536-AD0F-18103D4FDACE}.Release|Any CPU.ActiveCfg = Release|Any CPU
		{75B9E7C6-3F3D-4536-AD0F-18103D4FDACE}.Release|Any CPU.Build.0 = Release|Any CPU
	EndGlobalSection
	GlobalSection(SolutionProperties) = preSolution
		HideSolutionNode = FALSE
	EndGlobalSection
	GlobalSection(ExtensibilityGlobals) = postSolution
		SolutionGuid = {B3F25EBC-3593-4166-BA00-39E95639492B}
	EndGlobalSection
EndGlobal
